// !$*UTF8*$!
{
	archiveVersion = 1;
	classes = {
	};
	objectVersion = 56;
	objects = {

/* Begin PBXBuildFile section */
		352FA36F2D4872430005912D /* Swift_BDUIApp.swift in Sources */ = {isa = PBXBuildFile; fileRef = 352FA36E2D4872430005912D /* Swift_BDUIApp.swift */; };
		352FA3712D4872430005912D /* NewsFeedView.swift in Sources */ = {isa = PBXBuildFile; fileRef = 352FA3702D4872430005912D /* NewsFeedView.swift */; };
		352FA3732D4872440005912D /* Assets.xcassets in Resources */ = {isa = PBXBuildFile; fileRef = 352FA3722D4872440005912D /* Assets.xcassets */; };
		352FA3762D4872440005912D /* Preview Assets.xcassets in Resources */ = {isa = PBXBuildFile; fileRef = 352FA3752D4872440005912D /* Preview Assets.xcassets */; };
		352FA37F2D4872680005912D /* BaserServer.swift in Sources */ = {isa = PBXBuildFile; fileRef = 352FA37E2D4872680005912D /* BaserServer.swift */; };
		352FA3812D4872730005912D /* RepositoryManager.swift in Sources */ = {isa = PBXBuildFile; fileRef = 352FA3802D4872730005912D /* RepositoryManager.swift */; };
		352FA3832D48727A0005912D /* NewsModel.swift in Sources */ = {isa = PBXBuildFile; fileRef = 352FA3822D48727A0005912D /* NewsModel.swift */; };
		352FA3852D4872830005912D /* ComponentsManager.swift in Sources */ = {isa = PBXBuildFile; fileRef = 352FA3842D4872830005912D /* ComponentsManager.swift */; };
		352FA3872D48728D0005912D /* UIComponent.swift in Sources */ = {isa = PBXBuildFile; fileRef = 352FA3862D48728D0005912D /* UIComponent.swift */; };
		352FA3892D48729C0005912D /* SectorNewsContainer.swift in Sources */ = {isa = PBXBuildFile; fileRef = 352FA3882D48729C0005912D /* SectorNewsContainer.swift */; };
		352FA38B2D4872BD0005912D /* TopicHeadlinesNewsContainer.swift in Sources */ = {isa = PBXBuildFile; fileRef = 352FA38A2D4872BD0005912D /* TopicHeadlinesNewsContainer.swift */; };
		352FA38D2D4872C80005912D /* HeadScrollNewsContainer.swift in Sources */ = {isa = PBXBuildFile; fileRef = 352FA38C2D4872C80005912D /* HeadScrollNewsContainer.swift */; };
		352FA3902D4872D70005912D /* Alamofire in Frameworks */ = {isa = PBXBuildFile; productRef = 352FA38F2D4872D70005912D /* Alamofire */; };
		352FA3962D4872F60005912D /* Kingfisher in Frameworks */ = {isa = PBXBuildFile; productRef = 352FA3952D4872F60005912D /* Kingfisher */; };
		352FA3992D4873830005912D /* RxSwift in Frameworks */ = {isa = PBXBuildFile; productRef = 352FA3982D4873830005912D /* RxSwift */; };
/* End PBXBuildFile section */

/* Begin PBXFileReference section */
		352FA36B2D4872430005912D /* Swift_BDUI.app */ = {isa = PBXFileReference; explicitFileType = wrapper.application; includeInIndex = 0; path = Swift_BDUI.app; sourceTree = BUILT_PRODUCTS_DIR; };
		352FA36E2D4872430005912D /* Swift_BDUIApp.swift */ = {isa = PBXFileReference; lastKnownFileType = sourcecode.swift; path = Swift_BDUIApp.swift; sourceTree = "<group>"; };
		352FA3702D4872430005912D /* NewsFeedView.swift */ = {isa = PBXFileReference; lastKnownFileType = sourcecode.swift; path = NewsFeedView.swift; sourceTree = "<group>"; };
		352FA3722D4872440005912D /* Assets.xcassets */ = {isa = PBXFileReference; lastKnownFileType = folder.assetcatalog; path = Assets.xcassets; sourceTree = "<group>"; };
		352FA3752D4872440005912D /* Preview Assets.xcassets */ = {isa = PBXFileReference; lastKnownFileType = folder.assetcatalog; path = "Preview Assets.xcassets"; sourceTree = "<group>"; };
		352FA37E2D4872680005912D /* BaserServer.swift */ = {isa = PBXFileReference; lastKnownFileType = sourcecode.swift; path = BaserServer.swift; sourceTree = "<group>"; };
		352FA3802D4872730005912D /* RepositoryManager.swift */ = {isa = PBXFileReference; lastKnownFileType = sourcecode.swift; path = RepositoryManager.swift; sourceTree = "<group>"; };
		352FA3822D48727A0005912D /* NewsModel.swift */ = {isa = PBXFileReference; lastKnownFileType = sourcecode.swift; path = NewsModel.swift; sourceTree = "<group>"; };
		352FA3842D4872830005912D /* ComponentsManager.swift */ = {isa = PBXFileReference; lastKnownFileType = sourcecode.swift; path = ComponentsManager.swift; sourceTree = "<group>"; };
		352FA3862D48728D0005912D /* UIComponent.swift */ = {isa = PBXFileReference; lastKnownFileType = sourcecode.swift; path = UIComponent.swift; sourceTree = "<group>"; };
		352FA3882D48729C0005912D /* SectorNewsContainer.swift */ = {isa = PBXFileReference; lastKnownFileType = sourcecode.swift; path = SectorNewsContainer.swift; sourceTree = "<group>"; };
		352FA38A2D4872BD0005912D /* TopicHeadlinesNewsContainer.swift */ = {isa = PBXFileReference; lastKnownFileType = sourcecode.swift; path = TopicHeadlinesNewsContainer.swift; sourceTree = "<group>"; };
		352FA38C2D4872C80005912D /* HeadScrollNewsContainer.swift */ = {isa = PBXFileReference; lastKnownFileType = sourcecode.swift; path = HeadScrollNewsContainer.swift; sourceTree = "<group>"; };
/* End PBXFileReference section */

/* Begin PBXFrameworksBuildPhase section */
		352FA3682D4872430005912D /* Frameworks */ = {
			isa = PBXFrameworksBuildPhase;
			buildActionMask = 2147483647;
			files = (
				352FA3962D4872F60005912D /* Kingfisher in Frameworks */,
				352FA3902D4872D70005912D /* Alamofire in Frameworks */,
				352FA3992D4873830005912D /* RxSwift in Frameworks */,
			);
			runOnlyForDeploymentPostprocessing = 0;
		};
/* End PBXFrameworksBuildPhase section */

/* Begin PBXGroup section */
		352FA3622D4872430005912D = {
			isa = PBXGroup;
			children = (
				352FA36D2D4872430005912D /* Swift_BDUI */,
				352FA36C2D4872430005912D /* Products */,
				352FA3972D4873830005912D /* Frameworks */,
			);
			sourceTree = "<group>";
		};
		352FA36C2D4872430005912D /* Products */ = {
			isa = PBXGroup;
			children = (
				352FA36B2D4872430005912D /* Swift_BDUI.app */,
			);
			name = Products;
			sourceTree = "<group>";
		};
		352FA36D2D4872430005912D /* Swift_BDUI */ = {
			isa = PBXGroup;
			children = (
				352FA37D2D4872560005912D /* UI */,
				352FA37C2D4872500005912D /* Network */,
				352FA36E2D4872430005912D /* Swift_BDUIApp.swift */,
				352FA3702D4872430005912D /* NewsFeedView.swift */,
				352FA3722D4872440005912D /* Assets.xcassets */,
				352FA3742D4872440005912D /* Preview Content */,
			);
			path = Swift_BDUI;
			sourceTree = "<group>";
		};
		352FA3742D4872440005912D /* Preview Content */ = {
			isa = PBXGroup;
			children = (
				352FA3752D4872440005912D /* Preview Assets.xcassets */,
			);
			path = "Preview Content";
			sourceTree = "<group>";
		};
		352FA37C2D4872500005912D /* Network */ = {
			isa = PBXGroup;
			children = (
				352FA37E2D4872680005912D /* BaserServer.swift */,
				352FA3802D4872730005912D /* RepositoryManager.swift */,
				352FA3822D48727A0005912D /* NewsModel.swift */,
				352FA3842D4872830005912D /* ComponentsManager.swift */,
			);
			path = Network;
			sourceTree = "<group>";
		};
		352FA37D2D4872560005912D /* UI */ = {
			isa = PBXGroup;
			children = (
				352FA3862D48728D0005912D /* UIComponent.swift */,
				352FA3882D48729C0005912D /* SectorNewsContainer.swift */,
				352FA38A2D4872BD0005912D /* TopicHeadlinesNewsContainer.swift */,
				352FA38C2D4872C80005912D /* HeadScrollNewsContainer.swift */,
			);
			path = UI;
			sourceTree = "<group>";
		};
		352FA3972D4873830005912D /* Frameworks */ = {
			isa = PBXGroup;
			children = (
			);
			name = Frameworks;
			sourceTree = "<group>";
		};
/* End PBXGroup section */

/* Begin PBXNativeTarget section */
		352FA36A2D4872430005912D /* Swift_BDUI */ = {
			isa = PBXNativeTarget;
			buildConfigurationList = 352FA3792D4872440005912D /* Build configuration list for PBXNativeTarget "Swift_BDUI" */;
			buildPhases = (
				352FA3672D4872430005912D /* Sources */,
				352FA3682D4872430005912D /* Frameworks */,
				352FA3692D4872430005912D /* Resources */,
			);
			buildRules = (
			);
			dependencies = (
			);
			name = Swift_BDUI;
			packageProductDependencies = (
				352FA38F2D4872D70005912D /* Alamofire */,
				352FA3952D4872F60005912D /* Kingfisher */,
				352FA3982D4873830005912D /* RxSwift */,
			);
			productName = Swift_BDUI;
			productReference = 352FA36B2D4872430005912D /* Swift_BDUI.app */;
			productType = "com.apple.product-type.application";
		};
/* End PBXNativeTarget section */

/* Begin PBXProject section */
		352FA3632D4872430005912D /* Project object */ = {
			isa = PBXProject;
			attributes = {
				BuildIndependentTargetsInParallel = 1;
				LastSwiftUpdateCheck = 1540;
				LastUpgradeCheck = 1540;
				TargetAttributes = {
					352FA36A2D4872430005912D = {
						CreatedOnToolsVersion = 15.4;
					};
				};
			};
			buildConfigurationList = 352FA3662D4872430005912D /* Build configuration list for PBXProject "Swift_BDUI" */;
			compatibilityVersion = "Xcode 14.0";
			developmentRegion = en;
			hasScannedForEncodings = 0;
			knownRegions = (
				en,
				Base,
			);
			mainGroup = 352FA3622D4872430005912D;
			packageReferences = (
				352FA38E2D4872D70005912D /* XCRemoteSwiftPackageReference "Alamofire" */,
				352FA3932D4872E70005912D /* XCRemoteSwiftPackageReference "RxSwift" */,
				352FA3942D4872F60005912D /* XCRemoteSwiftPackageReference "Kingfisher" */,
			);
			productRefGroup = 352FA36C2D4872430005912D /* Products */;
			projectDirPath = "";
			projectRoot = "";
			targets = (
				352FA36A2D4872430005912D /* Swift_BDUI */,
			);
		};
/* End PBXProject section */

/* Begin PBXResourcesBuildPhase section */
		352FA3692D4872430005912D /* Resources */ = {
			isa = PBXResourcesBuildPhase;
			buildActionMask = 2147483647;
			files = (
				352FA3762D4872440005912D /* Preview Assets.xcassets in Resources */,
				352FA3732D4872440005912D /* Assets.xcassets in Resources */,
			);
			runOnlyForDeploymentPostprocessing = 0;
		};
/* End PBXResourcesBuildPhase section */

/* Begin PBXSourcesBuildPhase section */
		352FA3672D4872430005912D /* Sources */ = {
			isa = PBXSourcesBuildPhase;
			buildActionMask = 2147483647;
			files = (
				352FA3712D4872430005912D /* NewsFeedView.swift in Sources */,
				352FA3812D4872730005912D /* RepositoryManager.swift in Sources */,
				352FA37F2D4872680005912D /* BaserServer.swift in Sources */,
				352FA3852D4872830005912D /* ComponentsManager.swift in Sources */,
				352FA3892D48729C0005912D /* SectorNewsContainer.swift in Sources */,
				352FA36F2D4872430005912D /* Swift_BDUIApp.swift in Sources */,
				352FA38B2D4872BD0005912D /* TopicHeadlinesNewsContainer.swift in Sources */,
				352FA3872D48728D0005912D /* UIComponent.swift in Sources */,
				352FA3832D48727A0005912D /* NewsModel.swift in Sources */,
				352FA38D2D4872C80005912D /* HeadScrollNewsContainer.swift in Sources */,
			);
			runOnlyForDeploymentPostprocessing = 0;
		};
/* End PBXSourcesBuildPhase section */

/* Begin XCBuildConfiguration section */
		352FA3772D4872440005912D /* Debug */ = {
			isa = XCBuildConfiguration;
			buildSettings = {
				ALWAYS_SEARCH_USER_PATHS = NO;
				ASSETCATALOG_COMPILER_GENERATE_SWIFT_ASSET_SYMBOL_EXTENSIONS = YES;
				CLANG_ANALYZER_NONNULL = YES;
				CLANG_ANALYZER_NUMBER_OBJECT_CONVERSION = YES_AGGRESSIVE;
				CLANG_CXX_LANGUAGE_STANDARD = "gnu++20";
				CLANG_ENABLE_MODULES = YES;
				CLANG_ENABLE_OBJC_ARC = YES;
				CLANG_ENABLE_OBJC_WEAK = YES;
				CLANG_WARN_BLOCK_CAPTURE_AUTORELEASING = YES;
				CLANG_WARN_BOOL_CONVERSION = YES;
				CLANG_WARN_COMMA = YES;
				CLANG_WARN_CONSTANT_CONVERSION = YES;
				CLANG_WARN_DEPRECATED_OBJC_IMPLEMENTATIONS = YES;
				CLANG_WARN_DIRECT_OBJC_ISA_USAGE = YES_ERROR;
				CLANG_WARN_DOCUMENTATION_COMMENTS = YES;
				CLANG_WARN_EMPTY_BODY = YES;
				CLANG_WARN_ENUM_CONVERSION = YES;
				CLANG_WARN_INFINITE_RECURSION = YES;
				CLANG_WARN_INT_CONVERSION = YES;
				CLANG_WARN_NON_LITERAL_NULL_CONVERSION = YES;
				CLANG_WARN_OBJC_IMPLICIT_RETAIN_SELF = YES;
				CLANG_WARN_OBJC_LITERAL_CONVERSION = YES;
				CLANG_WARN_OBJC_ROOT_CLASS = YES_ERROR;
				CLANG_WARN_QUOTED_INCLUDE_IN_FRAMEWORK_HEADER = YES;
				CLANG_WARN_RANGE_LOOP_ANALYSIS = YES;
				CLANG_WARN_STRICT_PROTOTYPES = YES;
				CLANG_WARN_SUSPICIOUS_MOVE = YES;
				CLANG_WARN_UNGUARDED_AVAILABILITY = YES_AGGRESSIVE;
				CLANG_WARN_UNREACHABLE_CODE = YES;
				CLANG_WARN__DUPLICATE_METHOD_MATCH = YES;
				COPY_PHASE_STRIP = NO;
				DEBUG_INFORMATION_FORMAT = dwarf;
				ENABLE_STRICT_OBJC_MSGSEND = YES;
				ENABLE_TESTABILITY = YES;
				ENABLE_USER_SCRIPT_SANDBOXING = YES;
				GCC_C_LANGUAGE_STANDARD = gnu17;
				GCC_DYNAMIC_NO_PIC = NO;
				GCC_NO_COMMON_BLOCKS = YES;
				GCC_OPTIMIZATION_LEVEL = 0;
				GCC_PREPROCESSOR_DEFINITIONS = (
					"DEBUG=1",
					"$(inherited)",
				);
				GCC_WARN_64_TO_32_BIT_CONVERSION = YES;
				GCC_WARN_ABOUT_RETURN_TYPE = YES_ERROR;
				GCC_WARN_UNDECLARED_SELECTOR = YES;
				GCC_WARN_UNINITIALIZED_AUTOS = YES_AGGRESSIVE;
				GCC_WARN_UNUSED_FUNCTION = YES;
				GCC_WARN_UNUSED_VARIABLE = YES;
				IPHONEOS_DEPLOYMENT_TARGET = 17.5;
				LOCALIZATION_PREFERS_STRING_CATALOGS = YES;
				MTL_ENABLE_DEBUG_INFO = INCLUDE_SOURCE;
				MTL_FAST_MATH = YES;
				ONLY_ACTIVE_ARCH = YES;
				SDKROOT = iphoneos;
				SWIFT_ACTIVE_COMPILATION_CONDITIONS = "DEBUG $(inherited)";
				SWIFT_OPTIMIZATION_LEVEL = "-Onone";
			};
			name = Debug;
		};
		352FA3782D4872440005912D /* Release */ = {
			isa = XCBuildConfiguration;
			buildSettings = {
				ALWAYS_SEARCH_USER_PATHS = NO;
				ASSETCATALOG_COMPILER_GENERATE_SWIFT_ASSET_SYMBOL_EXTENSIONS = YES;
				CLANG_ANALYZER_NONNULL = YES;
				CLANG_ANALYZER_NUMBER_OBJECT_CONVERSION = YES_AGGRESSIVE;
				CLANG_CXX_LANGUAGE_STANDARD = "gnu++20";
				CLANG_ENABLE_MODULES = YES;
				CLANG_ENABLE_OBJC_ARC = YES;
				CLANG_ENABLE_OBJC_WEAK = YES;
				CLANG_WARN_BLOCK_CAPTURE_AUTORELEASING = YES;
				CLANG_WARN_BOOL_CONVERSION = YES;
				CLANG_WARN_COMMA = YES;
				CLANG_WARN_CONSTANT_CONVERSION = YES;
				CLANG_WARN_DEPRECATED_OBJC_IMPLEMENTATIONS = YES;
				CLANG_WARN_DIRECT_OBJC_ISA_USAGE = YES_ERROR;
				CLANG_WARN_DOCUMENTATION_COMMENTS = YES;
				CLANG_WARN_EMPTY_BODY = YES;
				CLANG_WARN_ENUM_CONVERSION = YES;
				CLANG_WARN_INFINITE_RECURSION = YES;
				CLANG_WARN_INT_CONVERSION = YES;
				CLANG_WARN_NON_LITERAL_NULL_CONVERSION = YES;
				CLANG_WARN_OBJC_IMPLICIT_RETAIN_SELF = YES;
				CLANG_WARN_OBJC_LITERAL_CONVERSION = YES;
				CLANG_WARN_OBJC_ROOT_CLASS = YES_ERROR;
				CLANG_WARN_QUOTED_INCLUDE_IN_FRAMEWORK_HEADER = YES;
				CLANG_WARN_RANGE_LOOP_ANALYSIS = YES;
				CLANG_WARN_STRICT_PROTOTYPES = YES;
				CLANG_WARN_SUSPICIOUS_MOVE = YES;
				CLANG_WARN_UNGUARDED_AVAILABILITY = YES_AGGRESSIVE;
				CLANG_WARN_UNREACHABLE_CODE = YES;
				CLANG_WARN__DUPLICATE_METHOD_MATCH = YES;
				COPY_PHASE_STRIP = NO;
				DEBUG_INFORMATION_FORMAT = "dwarf-with-dsym";
				ENABLE_NS_ASSERTIONS = NO;
				ENABLE_STRICT_OBJC_MSGSEND = YES;
				ENABLE_USER_SCRIPT_SANDBOXING = YES;
				GCC_C_LANGUAGE_STANDARD = gnu17;
				GCC_NO_COMMON_BLOCKS = YES;
				GCC_WARN_64_TO_32_BIT_CONVERSION = YES;
				GCC_WARN_ABOUT_RETURN_TYPE = YES_ERROR;
				GCC_WARN_UNDECLARED_SELECTOR = YES;
				GCC_WARN_UNINITIALIZED_AUTOS = YES_AGGRESSIVE;
				GCC_WARN_UNUSED_FUNCTION = YES;
				GCC_WARN_UNUSED_VARIABLE = YES;
				IPHONEOS_DEPLOYMENT_TARGET = 17.5;
				LOCALIZATION_PREFERS_STRING_CATALOGS = YES;
				MTL_ENABLE_DEBUG_INFO = NO;
				MTL_FAST_MATH = YES;
				SDKROOT = iphoneos;
				SWIFT_COMPILATION_MODE = wholemodule;
				VALIDATE_PRODUCT = YES;
			};
			name = Release;
		};
		352FA37A2D4872440005912D /* Debug */ = {
			isa = XCBuildConfiguration;
			buildSettings = {
				ASSETCATALOG_COMPILER_APPICON_NAME = AppIcon;
				ASSETCATALOG_COMPILER_GLOBAL_ACCENT_COLOR_NAME = AccentColor;
				CODE_SIGN_STYLE = Automatic;
				CURRENT_PROJECT_VERSION = 1;
				DEVELOPMENT_ASSET_PATHS = "\"Swift_BDUI/Preview Content\"";
				DEVELOPMENT_TEAM = YJCC7BA93A;
				ENABLE_PREVIEWS = YES;
				GENERATE_INFOPLIST_FILE = YES;
				INFOPLIST_KEY_UIApplicationSceneManifest_Generation = YES;
				INFOPLIST_KEY_UIApplicationSupportsIndirectInputEvents = YES;
				INFOPLIST_KEY_UILaunchScreen_Generation = YES;
				INFOPLIST_KEY_UISupportedInterfaceOrientations = UIInterfaceOrientationPortrait;
				INFOPLIST_KEY_UISupportedInterfaceOrientations_iPad = "UIInterfaceOrientationLandscapeLeft UIInterfaceOrientationLandscapeRight UIInterfaceOrientationPortrait UIInterfaceOrientationPortraitUpsideDown";
				IPHONEOS_DEPLOYMENT_TARGET = 17.0;
				LD_RUNPATH_SEARCH_PATHS = (
					"$(inherited)",
					"@executable_path/Frameworks",
				);
				MARKETING_VERSION = 1.0;
				PRODUCT_BUNDLE_IDENTIFIER = "com.MKM.Swift-BDUI";
				PRODUCT_NAME = "$(TARGET_NAME)";
				SUPPORTED_PLATFORMS = "iphoneos iphonesimulator";
				SUPPORTS_MACCATALYST = NO;
				SUPPORTS_MAC_DESIGNED_FOR_IPHONE_IPAD = NO;
				SUPPORTS_XR_DESIGNED_FOR_IPHONE_IPAD = NO;
				SWIFT_EMIT_LOC_STRINGS = YES;
				SWIFT_VERSION = 5.0;
				TARGETED_DEVICE_FAMILY = 1;
			};
			name = Debug;
		};
		352FA37B2D4872440005912D /* Release */ = {
			isa = XCBuildConfiguration;
			buildSettings = {
				ASSETCATALOG_COMPILER_APPICON_NAME = AppIcon;
				ASSETCATALOG_COMPILER_GLOBAL_ACCENT_COLOR_NAME = AccentColor;
				CODE_SIGN_STYLE = Automatic;
				CURRENT_PROJECT_VERSION = 1;
				DEVELOPMENT_ASSET_PATHS = "\"Swift_BDUI/Preview Content\"";
				DEVELOPMENT_TEAM = YJCC7BA93A;
				ENABLE_PREVIEWS = YES;
				GENERATE_INFOPLIST_FILE = YES;
				INFOPLIST_KEY_UIApplicationSceneManifest_Generation = YES;
				INFOPLIST_KEY_UIApplicationSupportsIndirectInputEvents = YES;
				INFOPLIST_KEY_UILaunchScreen_Generation = YES;
				INFOPLIST_KEY_UISupportedInterfaceOrientations = UIInterfaceOrientationPortrait;
				INFOPLIST_KEY_UISupportedInterfaceOrientations_iPad = "UIInterfaceOrientationLandscapeLeft UIInterfaceOrientationLandscapeRight UIInterfaceOrientationPortrait UIInterfaceOrientationPortraitUpsideDown";
				IPHONEOS_DEPLOYMENT_TARGET = 17.0;
				LD_RUNPATH_SEARCH_PATHS = (
					"$(inherited)",
					"@executable_path/Frameworks",
				);
				MARKETING_VERSION = 1.0;
				PRODUCT_BUNDLE_IDENTIFIER = "com.MKM.Swift-BDUI";
				PRODUCT_NAME = "$(TARGET_NAME)";
				SUPPORTED_PLATFORMS = "iphoneos iphonesimulator";
				SUPPORTS_MACCATALYST = NO;
				SUPPORTS_MAC_DESIGNED_FOR_IPHONE_IPAD = NO;
				SUPPORTS_XR_DESIGNED_FOR_IPHONE_IPAD = NO;
				SWIFT_EMIT_LOC_STRINGS = YES;
				SWIFT_VERSION = 5.0;
				TARGETED_DEVICE_FAMILY = 1;
			};
			name = Release;
		};
/* End XCBuildConfiguration section */

/* Begin XCConfigurationList section */
		352FA3662D4872430005912D /* Build configuration list for PBXProject "Swift_BDUI" */ = {
			isa = XCConfigurationList;
			buildConfigurations = (
				352FA3772D4872440005912D /* Debug */,
				352FA3782D4872440005912D /* Release */,
			);
			defaultConfigurationIsVisible = 0;
			defaultConfigurationName = Release;
		};
		352FA3792D4872440005912D /* Build configuration list for PBXNativeTarget "Swift_BDUI" */ = {
			isa = XCConfigurationList;
			buildConfigurations = (
				352FA37A2D4872440005912D /* Debug */,
				352FA37B2D4872440005912D /* Release */,
			);
			defaultConfigurationIsVisible = 0;
			defaultConfigurationName = Release;
		};
/* End XCConfigurationList section */

/* Begin XCRemoteSwiftPackageReference section */
		352FA38E2D4872D70005912D /* XCRemoteSwiftPackageReference "Alamofire" */ = {
			isa = XCRemoteSwiftPackageReference;
			repositoryURL = "https://github.com/Alamofire/Alamofire";
			requirement = {
				kind = upToNextMajorVersion;
				minimumVersion = 5.10.2;
			};
		};
		352FA3932D4872E70005912D /* XCRemoteSwiftPackageReference "RxSwift" */ = {
			isa = XCRemoteSwiftPackageReference;
			repositoryURL = "https://github.com/ReactiveX/RxSwift";
			requirement = {
				kind = upToNextMajorVersion;
				minimumVersion = 6.8.0;
			};
		};
		352FA3942D4872F60005912D /* XCRemoteSwiftPackageReference "Kingfisher" */ = {
			isa = XCRemoteSwiftPackageReference;
			repositoryURL = "https://github.com/onevcat/Kingfisher";
			requirement = {
				kind = upToNextMajorVersion;
				minimumVersion = 8.1.3;
			};
		};
/* End XCRemoteSwiftPackageReference section */

/* Begin XCSwiftPackageProductDependency section */
		352FA38F2D4872D70005912D /* Alamofire */ = {
			isa = XCSwiftPackageProductDependency;
			package = 352FA38E2D4872D70005912D /* XCRemoteSwiftPackageReference "Alamofire" */;
			productName = Alamofire;
		};
		352FA3952D4872F60005912D /* Kingfisher */ = {
			isa = XCSwiftPackageProductDependency;
			package = 352FA3942D4872F60005912D /* XCRemoteSwiftPackageReference "Kingfisher" */;
			productName = Kingfisher;
		};
		352FA3982D4873830005912D /* RxSwift */ = {
			isa = XCSwiftPackageProductDependency;
			package = 352FA3932D4872E70005912D /* XCRemoteSwiftPackageReference "RxSwift" */;
			productName = RxSwift;
		};
/* End XCSwiftPackageProductDependency section */
	};
	rootObject = 352FA3632D4872430005912D /* Project object */;
}
